speakeasyVersion: 1.763.2
sources:
    ANNCSU Accessi API:
        sourceNamespace: anncsu-accessi-api
        sourceRevisionDigest: sha256:387592e53ffd05369ce0dc0191c7d3a1469acecd9d9d2e58d8c1c1e37d890b6d
        sourceBlobDigest: sha256:ca3e2ffc2221dbed8d0235f0731e91145226f47207b782b6a08e05ce5cd4f0e8
        tags:
            - latest
            - 1.0.2
    ANNCSU Coordinate API:
        sourceNamespace: anncsu-coordinate-api
        sourceRevisionDigest: sha256:bb5e672f1588b08480aa22c74b61b358305c0bb1fecedf56890b56f3780c29a4
        sourceBlobDigest: sha256:791001f3ee0f6647b59ad55caa568e90a8299245fc127dc6ff6a466c0f7360a2
        tags:
            - latest
            - 1.0.1
targets:
    accessi:
        source: ANNCSU Accessi API
        sourceNamespace: anncsu-accessi-api
        sourceRevisionDigest: sha256:387592e53ffd05369ce0dc0191c7d3a1469acecd9d9d2e58d8c1c1e37d890b6d
        sourceBlobDigest: sha256:ca3e2ffc2221dbed8d0235f0731e91145226f47207b782b6a08e05ce5cd4f0e8
        codeSamplesNamespace: anncsu-accessi-api-python-code-samples
        codeSamplesRevisionDigest: sha256:42266fee8cbad892ecc24b832c1a46eac389f0471b47961ddb316dead664f30f
    coordinate:
        source: ANNCSU Coordinate API
        sourceNamespace: anncsu-coordinate-api
        sourceRevisionDigest: sha256:bb5e672f1588b08480aa22c74b61b358305c0bb1fecedf56890b56f3780c29a4
        sourceBlobDigest: sha256:791001f3ee0f6647b59ad55caa568e90a8299245fc127dc6ff6a466c0f7360a2
        codeSamplesNamespace: anncsu-coordinate-api-python-code-samples
        codeSamplesRevisionDigest: sha256:458eace30f305f5d98bccb007663a62a4472d820dc20da7891f379d869b92c23
workflow:
    workflowVersion: 1.0.0
    speakeasyVersion: latest
    sources:
        ANNCSU Accessi API:
            inputs:
                - location: oas/dev/Specifica API - ANNCSU - Aggiornamento accessi.yaml
            transformations:
                - removeUnused: true
            output: .speakeasy/out.accessi.openapi.yaml
            registry:
                location: registry.speakeasyapi.dev/geobeyond-zd1/anncsu/anncsu-accessi-api
        ANNCSU Coordinate API:
            inputs:
                - location: oas/dev/Specifica API - ANNCSU - Aggiornamento coordinate.yml
            transformations:
                - removeUnused: true
            output: .speakeasy/out.coordinate.openapi.yaml
            registry:
                location: registry.speakeasyapi.dev/geobeyond-zd1/anncsu/anncsu-coordinate-api
        ANNCSU REST API:
            inputs:
                - location: ../oas/dev/Specifica API - ANNCSU – Consultazione per le PA.yaml
            transformations:
                - removeUnused: true
            output: .speakeasy/out.openapi.yaml
            registry:
                location: registry.speakeasyapi.dev/geobeyond-zd1/anncsu/anncsu-rest-api
    targets:
        accessi:
            target: python
            source: ANNCSU Accessi API
            output: accessi-sdk
            codeSamples:
                registry:
                    location: registry.speakeasyapi.dev/geobeyond-zd1/anncsu/anncsu-accessi-api-python-code-samples
                labelOverride:
                    fixedValue: Python (SDK)
                blocking: false
        anncsu:
            target: python
            source: ANNCSU REST API
            codeSamples:
                registry:
                    location: registry.speakeasyapi.dev/geobeyond-zd1/anncsu/anncsu-rest-api-python-code-samples
                labelOverride:
                    fixedValue: Python (SDK)
                blocking: false
        coordinate:
            target: python
            source: ANNCSU Coordinate API
            output: coordinate-sdk
            codeSamples:
                registry:
                    location: registry.speakeasyapi.dev/geobeyond-zd1/anncsu/anncsu-coordinate-api-python-code-samples
                labelOverride:
                    fixedValue: Python (SDK)
                blocking: false
